
Microsoft Visual Studio Solution File, Format Version 12.00
# Visual Studio Version 16
VisualStudioVersion = 16.0.30406.217
MinimumVisualStudioVersion = 10.0.40219.1
Project("{888888A0-9F3D-457C-B088-3A5042F75D52}") = "PokemonGame", "PokemonGame\PokemonGame.pyproj", "{C2984D44-61A0-4E1F-B057-93D7FE46732B}"
EndProject
Project("{2150E333-8FDC-42A3-9474-1A3956D46DE8}") = "GameAssets", "GameAssets", "{3AD0D59D-C926-4251-B601-C597992F2689}"
	ProjectSection(SolutionItems) = preProject
		PokemonGame\Background.jpg = PokemonGame\Background.jpg
		PokemonGame\Beedrill.png = PokemonGame\Beedrill.png
		PokemonGame\Bulbasaur.png = PokemonGame\Bulbasaur.png
		PokemonGame\Charizard.png = PokemonGame\Charizard.png
		PokemonGame\Charmander.png = PokemonGame\Charmander.png
		PokemonGame\Cleffa.png = PokemonGame\Cleffa.png
		PokemonGame\Cutiefly.png = PokemonGame\Cutiefly.png
		PokemonGame\Dewgong.png = PokemonGame\Dewgong.png
		PokemonGame\Gengar.png = PokemonGame\Gengar.png
		PokemonGame\Golem.png = PokemonGame\Golem.png
		PokemonGame\Hypno.png = PokemonGame\Hypno.png
		PokemonGame\IMG.jpg = PokemonGame\IMG.jpg
		PokemonGame\Jigglypuff.png = PokemonGame\Jigglypuff.png
		PokemonGame\Logo.png = PokemonGame\Logo.png
		PokemonGame\Magnemite.png = PokemonGame\Magnemite.png
		PokemonGame\Pikachu.png = PokemonGame\Pikachu.png
		PokemonGame\Squirtle.png = PokemonGame\Squirtle.png
	EndProjectSection
EndProject
Global
	GlobalSection(SolutionConfigurationPlatforms) = preSolution
		Debug|Any CPU = Debug|Any CPU
		Release|Any CPU = Release|Any CPU
	EndGlobalSection
	GlobalSection(ProjectConfigurationPlatforms) = postSolution
		{C2984D44-61A0-4E1F-B057-93D7FE46732B}.Debug|Any CPU.ActiveCfg = Debug|Any CPU
		{C2984D44-61A0-4E1F-B057-93D7FE46732B}.Release|Any CPU.ActiveCfg = Release|Any CPU
	EndGlobalSection
	GlobalSection(SolutionProperties) = preSolution
		HideSolutionNode = FALSE
	EndGlobalSection
	GlobalSection(ExtensibilityGlobals) = postSolution
		SolutionGuid = {80215563-FC47-47D5-869C-1D5789EC424B}
	EndGlobalSection
EndGlobal
